name: Update Adblock Module

on:
  schedule:
    - cron: '0 */20 * * *'  
  workflow_dispatch:  # 允许手动触发
jobs:
  build:
    runs-on: ubuntu-latest

    steps:
    - name: Checkout repository
      uses: actions/checkout@v4

    - name: Set up Python
      uses: actions/setup-python@v4
      with:
        python-version: '3.x'

    - name: Install dependencies
      run: |
        pip install requests

    - name: Run Python script
      run: |
        python cmd.py

    - name: Commit and push changes
      uses: EndBug/add-and-commit@v9
      with:
        author_name: 'GitHub Actions'
        author_email: 'ddgksf2013@github.com'
        message: 'Update Adblock.sgmodule'
        push: true  # Ensure this is set to true to enable pushing
      env:
        GITHUB_TOKEN: ${{ secrets.GITHUB_TOKEN }}
